
Microsoft Visual Studio Solution File, Format Version 12.00
# Visual Studio 15
VisualStudioVersion = 15.0.27703.2042
MinimumVisualStudioVersion = 10.0.40219.1
Project("{FAE04EC0-301F-11D3-BF4B-00C04F79EFBC}") = "Vidly", "Vidly\Vidly.csproj", "{793429C1-1407-45CE-B9A8-5BF5D1406380}"
EndProject
Global
	GlobalSection(SolutionConfigurationPlatforms) = preSolution
		Debug|Any CPU = Debug|Any CPU
		Release|Any CPU = Release|Any CPU
	EndGlobalSection
	GlobalSection(ProjectConfigurationPlatforms) = postSolution
		{793429C1-1407-45CE-B9A8-5BF5D1406380}.Debug|Any CPU.ActiveCfg = Debug|Any CPU
		{793429C1-1407-45CE-B9A8-5BF5D1406380}.Debug|Any CPU.Build.0 = Debug|Any CPU
		{793429C1-1407-45CE-B9A8-5BF5D1406380}.Release|Any CPU.ActiveCfg = Release|Any CPU
		{793429C1-1407-45CE-B9A8-5BF5D1406380}.Release|Any CPU.Build.0 = Release|Any CPU
	EndGlobalSection
	GlobalSection(SolutionProperties) = preSolution
		HideSolutionNode = FALSE
	EndGlobalSection
	GlobalSection(ExtensibilityGlobals) = postSolution
		SolutionGuid = {3347EF21-6392-49F6-A498-7752399A5A09}
	EndGlobalSection
EndGlobal
